
Microsoft Visual Studio Solution File, Format Version 12.00
# Visual Studio Version 16
VisualStudioVersion = 16.0.29806.167
MinimumVisualStudioVersion = 10.0.40219.1
Project("{FAE04EC0-301F-11D3-BF4B-00C04F79EFBC}") = "StudentManagement.Api", "StudentManagement.Api\StudentManagement.Api.csproj", "{9316D858-AD73-4072-BC10-989B37A0711B}"
EndProject
Project("{FAE04EC0-301F-11D3-BF4B-00C04F79EFBC}") = "StudentManagement.Web", "StudentManagement.Web\StudentManagement.Web.csproj", "{FFA3C0DD-B307-4D87-9171-8E9EF8A5A337}"
EndProject
Project("{FAE04EC0-301F-11D3-BF4B-00C04F79EFBC}") = "StudentManagement.Core", "StudentManagement.Core\StudentManagement.Core.csproj", "{BEB90872-20C8-49CF-8471-8E488EBDDBA9}"
EndProject
Global
	GlobalSection(SolutionConfigurationPlatforms) = preSolution
		Debug|Any CPU = Debug|Any CPU
		Release|Any CPU = Release|Any CPU
	EndGlobalSection
	GlobalSection(ProjectConfigurationPlatforms) = postSolution
		{9316D858-AD73-4072-BC10-989B37A0711B}.Debug|Any CPU.ActiveCfg = Debug|Any CPU
		{9316D858-AD73-4072-BC10-989B37A0711B}.Debug|Any CPU.Build.0 = Debug|Any CPU
		{9316D858-AD73-4072-BC10-989B37A0711B}.Release|Any CPU.ActiveCfg = Release|Any CPU
		{9316D858-AD73-4072-BC10-989B37A0711B}.Release|Any CPU.Build.0 = Release|Any CPU
		{FFA3C0DD-B307-4D87-9171-8E9EF8A5A337}.Debug|Any CPU.ActiveCfg = Debug|Any CPU
		{FFA3C0DD-B307-4D87-9171-8E9EF8A5A337}.Debug|Any CPU.Build.0 = Debug|Any CPU
		{FFA3C0DD-B307-4D87-9171-8E9EF8A5A337}.Release|Any CPU.ActiveCfg = Release|Any CPU
		{FFA3C0DD-B307-4D87-9171-8E9EF8A5A337}.Release|Any CPU.Build.0 = Release|Any CPU
		{BEB90872-20C8-49CF-8471-8E488EBDDBA9}.Debug|Any CPU.ActiveCfg = Debug|Any CPU
		{BEB90872-20C8-49CF-8471-8E488EBDDBA9}.Debug|Any CPU.Build.0 = Debug|Any CPU
		{BEB90872-20C8-49CF-8471-8E488EBDDBA9}.Release|Any CPU.ActiveCfg = Release|Any CPU
		{BEB90872-20C8-49CF-8471-8E488EBDDBA9}.Release|Any CPU.Build.0 = Release|Any CPU
	EndGlobalSection
	GlobalSection(SolutionProperties) = preSolution
		HideSolutionNode = FALSE
	EndGlobalSection
	GlobalSection(ExtensibilityGlobals) = postSolution
		SolutionGuid = {C22F8B1C-1ED0-4765-BB04-3B5E2D773E4A}
	EndGlobalSection
EndGlobal
